
Microsoft Visual Studio Solution File, Format Version 12.00
# Visual Studio Version 17
VisualStudioVersion = 17.7.34031.279
MinimumVisualStudioVersion = 10.0.40219.1
Project("{FAE04EC0-301F-11D3-BF4B-00C04F79EFBC}") = "WindowsFormsApp1", "WindowsFormsApp1\WindowsFormsApp1.csproj", "{DD117865-F026-4CA3-A32C-F368CF8556DE}"
EndProject
Global
	GlobalSection(SolutionConfigurationPlatforms) = preSolution
		Debug|Any CPU = Debug|Any CPU
		Release|Any CPU = Release|Any CPU
	EndGlobalSection
	GlobalSection(ProjectConfigurationPlatforms) = postSolution
		{DD117865-F026-4CA3-A32C-F368CF8556DE}.Debug|Any CPU.ActiveCfg = Debug|Any CPU
		{DD117865-F026-4CA3-A32C-F368CF8556DE}.Debug|Any CPU.Build.0 = Debug|Any CPU
		{DD117865-F026-4CA3-A32C-F368CF8556DE}.Release|Any CPU.ActiveCfg = Release|Any CPU
		{DD117865-F026-4CA3-A32C-F368CF8556DE}.Release|Any CPU.Build.0 = Release|Any CPU
	EndGlobalSection
	GlobalSection(SolutionProperties) = preSolution
		HideSolutionNode = FALSE
	EndGlobalSection
	GlobalSection(ExtensibilityGlobals) = postSolution
		SolutionGuid = {34CEE429-9CFF-4DF3-A258-AAD3819C1A1C}
	EndGlobalSection
EndGlobal
